
Microsoft Visual Studio Solution File, Format Version 12.00
# Visual Studio Version 17
VisualStudioVersion = 17.2.32616.157
MinimumVisualStudioVersion = 10.0.40219.1
Project("{9A19103F-16F7-4668-BE54-9A1E7A4F7556}") = "Crypto_Wallet", "Crypto_Wallet.csproj", "{6B65FE58-314D-4CE7-8940-0145E8F22217}"
EndProject
Global
	GlobalSection(SolutionConfigurationPlatforms) = preSolution
		Debug|Any CPU = Debug|Any CPU
		Release|Any CPU = Release|Any CPU
	EndGlobalSection
	GlobalSection(ProjectConfigurationPlatforms) = postSolution
		{6B65FE58-314D-4CE7-8940-0145E8F22217}.Debug|Any CPU.ActiveCfg = Debug|Any CPU
		{6B65FE58-314D-4CE7-8940-0145E8F22217}.Debug|Any CPU.Build.0 = Debug|Any CPU
		{6B65FE58-314D-4CE7-8940-0145E8F22217}.Release|Any CPU.ActiveCfg = Release|Any CPU
		{6B65FE58-314D-4CE7-8940-0145E8F22217}.Release|Any CPU.Build.0 = Release|Any CPU
	EndGlobalSection
	GlobalSection(SolutionProperties) = preSolution
		HideSolutionNode = FALSE
	EndGlobalSection
	GlobalSection(ExtensibilityGlobals) = postSolution
		SolutionGuid = {9BF2A66E-2938-41D1-B830-4CDFE7B1AC7A}
	EndGlobalSection
EndGlobal
